// !$*UTF8*$!
{
	archiveVersion = 1;
	classes = {
	};
	objectVersion = 50;
	objects = {

/* Begin PBXBuildFile section */
		ACDFDD84216527FA0055296D /* AppDelegate.swift in Sources */ = {isa = PBXBuildFile; fileRef = ACDFDD83216527FA0055296D /* AppDelegate.swift */; };
		ACDFDD86216527FA0055296D /* ViewController.swift in Sources */ = {isa = PBXBuildFile; fileRef = ACDFDD85216527FA0055296D /* ViewController.swift */; };
		ACDFDD89216527FA0055296D /* Main.storyboard in Resources */ = {isa = PBXBuildFile; fileRef = ACDFDD87216527FA0055296D /* Main.storyboard */; };
		ACDFDD8B216527FB0055296D /* Assets.xcassets in Resources */ = {isa = PBXBuildFile; fileRef = ACDFDD8A216527FB0055296D /* Assets.xcassets */; };
		ACDFDD8E216527FB0055296D /* LaunchScreen.storyboard in Resources */ = {isa = PBXBuildFile; fileRef = ACDFDD8C216527FB0055296D /* LaunchScreen.storyboard */; };
		ACDFDD99216527FC0055296D /* TableViewTests.swift in Sources */ = {isa = PBXBuildFile; fileRef = ACDFDD98216527FC0055296D /* TableViewTests.swift */; };
		ACDFDDA4216527FC0055296D /* TableViewUITests.swift in Sources */ = {isa = PBXBuildFile; fileRef = ACDFDDA3216527FC0055296D /* TableViewUITests.swift */; };
/* End PBXBuildFile section */

/* Begin PBXContainerItemProxy section */
		ACDFDD95216527FC0055296D /* PBXContainerItemProxy */ = {
			isa = PBXContainerItemProxy;
			containerPortal = ACDFDD78216527FA0055296D /* Project object */;
			proxyType = 1;
			remoteGlobalIDString = ACDFDD7F216527FA0055296D;
			remoteInfo = TableView;
		};
		ACDFDDA0216527FC0055296D /* PBXContainerItemProxy */ = {
			isa = PBXContainerItemProxy;
			containerPortal = ACDFDD78216527FA0055296D /* Project object */;
			proxyType = 1;
			remoteGlobalIDString = ACDFDD7F216527FA0055296D;
			remoteInfo = TableView;
		};
/* End PBXContainerItemProxy section */

/* Begin PBXFileReference section */
		ACDFDD80216527FA0055296D /* TableView.app */ = {isa = PBXFileReference; explicitFileType = wrapper.application; includeInIndex = 0; path = TableView.app; sourceTree = BUILT_PRODUCTS_DIR; };
		ACDFDD83216527FA0055296D /* AppDelegate.swift */ = {isa = PBXFileReference; lastKnownFileType = sourcecode.swift; path = AppDelegate.swift; sourceTree = "<group>"; };
		ACDFDD85216527FA0055296D /* ViewController.swift */ = {isa = PBXFileReference; lastKnownFileType = sourcecode.swift; path = ViewController.swift; sourceTree = "<group>"; };
		ACDFDD88216527FA0055296D /* Base */ = {isa = PBXFileReference; lastKnownFileType = file.storyboard; name = Base; path = Base.lproj/Main.storyboard; sourceTree = "<group>"; };
		ACDFDD8A216527FB0055296D /* Assets.xcassets */ = {isa = PBXFileReference; lastKnownFileType = folder.assetcatalog; path = Assets.xcassets; sourceTree = "<group>"; };
		ACDFDD8D216527FB0055296D /* Base */ = {isa = PBXFileReference; lastKnownFileType = file.storyboard; name = Base; path = Base.lproj/LaunchScreen.storyboard; sourceTree = "<group>"; };
		ACDFDD8F216527FB0055296D /* Info.plist */ = {isa = PBXFileReference; lastKnownFileType = text.plist.xml; path = Info.plist; sourceTree = "<group>"; };
		ACDFDD94216527FC0055296D /* TableViewTests.xctest */ = {isa = PBXFileReference; explicitFileType = wrapper.cfbundle; includeInIndex = 0; path = TableViewTests.xctest; sourceTree = BUILT_PRODUCTS_DIR; };
		ACDFDD98216527FC0055296D /* TableViewTests.swift */ = {isa = PBXFileReference; lastKnownFileType = sourcecode.swift; path = TableViewTests.swift; sourceTree = "<group>"; };
		ACDFDD9A216527FC0055296D /* Info.plist */ = {isa = PBXFileReference; lastKnownFileType = text.plist.xml; path = Info.plist; sourceTree = "<group>"; };
		ACDFDD9F216527FC0055296D /* TableViewUITests.xctest */ = {isa = PBXFileReference; explicitFileType = wrapper.cfbundle; includeInIndex = 0; path = TableViewUITests.xctest; sourceTree = BUILT_PRODUCTS_DIR; };
		ACDFDDA3216527FC0055296D /* TableViewUITests.swift */ = {isa = PBXFileReference; lastKnownFileType = sourcecode.swift; path = TableViewUITests.swift; sourceTree = "<group>"; };
		ACDFDDA5216527FC0055296D /* Info.plist */ = {isa = PBXFileReference; lastKnownFileType = text.plist.xml; path = Info.plist; sourceTree = "<group>"; };
/* End PBXFileReference section */

/* Begin PBXFrameworksBuildPhase section */
		ACDFDD7D216527FA0055296D /* Frameworks */ = {
			isa = PBXFrameworksBuildPhase;
			buildActionMask = 2147483647;
			files = (
			);
			runOnlyForDeploymentPostprocessing = 0;
		};
		ACDFDD91216527FC0055296D /* Frameworks */ = {
			isa = PBXFrameworksBuildPhase;
			buildActionMask = 2147483647;
			files = (
			);
			runOnlyForDeploymentPostprocessing = 0;
		};
		ACDFDD9C216527FC0055296D /* Frameworks */ = {
			isa = PBXFrameworksBuildPhase;
			buildActionMask = 2147483647;
			files = (
			);
			runOnlyForDeploymentPostprocessing = 0;
		};
/* End PBXFrameworksBuildPhase section */

/* Begin PBXGroup section */
		ACDFDD77216527FA0055296D = {
			isa = PBXGroup;
			children = (
				ACDFDD82216527FA0055296D /* TableView */,
				ACDFDD97216527FC0055296D /* TableViewTests */,
				ACDFDDA2216527FC0055296D /* TableViewUITests */,
				ACDFDD81216527FA0055296D /* Products */,
			);
			sourceTree = "<group>";
		};
		ACDFDD81216527FA0055296D /* Products */ = {
			isa = PBXGroup;
			children = (
				ACDFDD80216527FA0055296D /* TableView.app */,
				ACDFDD94216527FC0055296D /* TableViewTests.xctest */,
				ACDFDD9F216527FC0055296D /* TableViewUITests.xctest */,
			);
			name = Products;
			sourceTree = "<group>";
		};
		ACDFDD82216527FA0055296D /* TableView */ = {
			isa = PBXGroup;
			children = (
				ACDFDD83216527FA0055296D /* AppDelegate.swift */,
				ACDFDD85216527FA0055296D /* ViewController.swift */,
				ACDFDD87216527FA0055296D /* Main.storyboard */,
				ACDFDD8A216527FB0055296D /* Assets.xcassets */,
				ACDFDD8C216527FB0055296D /* LaunchScreen.storyboard */,
				ACDFDD8F216527FB0055296D /* Info.plist */,
			);
			path = TableView;
			sourceTree = "<group>";
		};
		ACDFDD97216527FC0055296D /* TableViewTests */ = {
			isa = PBXGroup;
			children = (
				ACDFDD98216527FC0055296D /* TableViewTests.swift */,
				ACDFDD9A216527FC0055296D /* Info.plist */,
			);
			path = TableViewTests;
			sourceTree = "<group>";
		};
		ACDFDDA2216527FC0055296D /* TableViewUITests */ = {
			isa = PBXGroup;
			children = (
				ACDFDDA3216527FC0055296D /* TableViewUITests.swift */,
				ACDFDDA5216527FC0055296D /* Info.plist */,
			);
			path = TableViewUITests;
			sourceTree = "<group>";
		};
/* End PBXGroup section */

/* Begin PBXNativeTarget section */
		ACDFDD7F216527FA0055296D /* TableView */ = {
			isa = PBXNativeTarget;
			buildConfigurationList = ACDFDDA8216527FC0055296D /* Build configuration list for PBXNativeTarget "TableView" */;
			buildPhases = (
				ACDFDD7C216527FA0055296D /* Sources */,
				ACDFDD7D216527FA0055296D /* Frameworks */,
				ACDFDD7E216527FA0055296D /* Resources */,
			);
			buildRules = (
			);
			dependencies = (
			);
			name = TableView;
			productName = TableView;
			productReference = ACDFDD80216527FA0055296D /* TableView.app */;
			productType = "com.apple.product-type.application";
		};
		ACDFDD93216527FC0055296D /* TableViewTests */ = {
			isa = PBXNativeTarget;
			buildConfigurationList = ACDFDDAB216527FC0055296D /* Build configuration list for PBXNativeTarget "TableViewTests" */;
			buildPhases = (
				ACDFDD90216527FC0055296D /* Sources */,
				ACDFDD91216527FC0055296D /* Frameworks */,
				ACDFDD92216527FC0055296D /* Resources */,
			);
			buildRules = (
			);
			dependencies = (
				ACDFDD96216527FC0055296D /* PBXTargetDependency */,
			);
			name = TableViewTests;
			productName = TableViewTests;
			productReference = ACDFDD94216527FC0055296D /* TableViewTests.xctest */;
			productType = "com.apple.product-type.bundle.unit-test";
		};
		ACDFDD9E216527FC0055296D /* TableViewUITests */ = {
			isa = PBXNativeTarget;
			buildConfigurationList = ACDFDDAE216527FC0055296D /* Build configuration list for PBXNativeTarget "TableViewUITests" */;
			buildPhases = (
				ACDFDD9B216527FC0055296D /* Sources */,
				ACDFDD9C216527FC0055296D /* Frameworks */,
				ACDFDD9D216527FC0055296D /* Resources */,
			);
			buildRules = (
			);
			dependencies = (
				ACDFDDA1216527FC0055296D /* PBXTargetDependency */,
			);
			name = TableViewUITests;
			productName = TableViewUITests;
			productReference = ACDFDD9F216527FC0055296D /* TableViewUITests.xctest */;
			productType = "com.apple.product-type.bundle.ui-testing";
		};
/* End PBXNativeTarget section */

/* Begin PBXProject section */
		ACDFDD78216527FA0055296D /* Project object */ = {
			isa = PBXProject;
			attributes = {
				LastSwiftUpdateCheck = 0940;
				LastUpgradeCheck = 0940;
				ORGANIZATIONNAME = kubos777;
				TargetAttributes = {
					ACDFDD7F216527FA0055296D = {
						CreatedOnToolsVersion = 9.4.1;
					};
					ACDFDD93216527FC0055296D = {
						CreatedOnToolsVersion = 9.4.1;
						TestTargetID = ACDFDD7F216527FA0055296D;
					};
					ACDFDD9E216527FC0055296D = {
						CreatedOnToolsVersion = 9.4.1;
						TestTargetID = ACDFDD7F216527FA0055296D;
					};
				};
			};
			buildConfigurationList = ACDFDD7B216527FA0055296D /* Build configuration list for PBXProject "TableView" */;
			compatibilityVersion = "Xcode 9.3";
			developmentRegion = en;
			hasScannedForEncodings = 0;
			knownRegions = (
				en,
				Base,
			);
			mainGroup = ACDFDD77216527FA0055296D;
			productRefGroup = ACDFDD81216527FA0055296D /* Products */;
			projectDirPath = "";
			projectRoot = "";
			targets = (
				ACDFDD7F216527FA0055296D /* TableView */,
				ACDFDD93216527FC0055296D /* TableViewTests */,
				ACDFDD9E216527FC0055296D /* TableViewUITests */,
			);
		};
/* End PBXProject section */

/* Begin PBXResourcesBuildPhase section */
		ACDFDD7E216527FA0055296D /* Resources */ = {
			isa = PBXResourcesBuildPhase;
			buildActionMask = 2147483647;
			files = (
				ACDFDD8E216527FB0055296D /* LaunchScreen.storyboard in Resources */,
				ACDFDD8B216527FB0055296D /* Assets.xcassets in Resources */,
				ACDFDD89216527FA0055296D /* Main.storyboard in Resources */,
			);
			runOnlyForDeploymentPostprocessing = 0;
		};
		ACDFDD92216527FC0055296D /* Resources */ = {
			isa = PBXResourcesBuildPhase;
			buildActionMask = 2147483647;
			files = (
			);
			runOnlyForDeploymentPostprocessing = 0;
		};
		ACDFDD9D216527FC0055296D /* Resources */ = {
			isa = PBXResourcesBuildPhase;
			buildActionMask = 2147483647;
			files = (
			);
			runOnlyForDeploymentPostprocessing = 0;
		};
/* End PBXResourcesBuildPhase section */

/* Begin PBXSourcesBuildPhase section */
		ACDFDD7C216527FA0055296D /* Sources */ = {
			isa = PBXSourcesBuildPhase;
			buildActionMask = 2147483647;
			files = (
				ACDFDD86216527FA0055296D /* ViewController.swift in Sources */,
				ACDFDD84216527FA0055296D /* AppDelegate.swift in Sources */,
			);
			runOnlyForDeploymentPostprocessing = 0;
		};
		ACDFDD90216527FC0055296D /* Sources */ = {
			isa = PBXSourcesBuildPhase;
			buildActionMask = 2147483647;
			files = (
				ACDFDD99216527FC0055296D /* TableViewTests.swift in Sources */,
			);
			runOnlyForDeploymentPostprocessing = 0;
		};
		ACDFDD9B216527FC0055296D /* Sources */ = {
			isa = PBXSourcesBuildPhase;
			buildActionMask = 2147483647;
			files = (
				ACDFDDA4216527FC0055296D /* TableViewUITests.swift in Sources */,
			);
			runOnlyForDeploymentPostprocessing = 0;
		};
/* End PBXSourcesBuildPhase section */

/* Begin PBXTargetDependency section */
		ACDFDD96216527FC0055296D /* PBXTargetDependency */ = {
			isa = PBXTargetDependency;
			target = ACDFDD7F216527FA0055296D /* TableView */;
			targetProxy = ACDFDD95216527FC0055296D /* PBXContainerItemProxy */;
		};
		ACDFDDA1216527FC0055296D /* PBXTargetDependency */ = {
			isa = PBXTargetDependency;
			target = ACDFDD7F216527FA0055296D /* TableView */;
			targetProxy = ACDFDDA0216527FC0055296D /* PBXContainerItemProxy */;
		};
/* End PBXTargetDependency section */

/* Begin PBXVariantGroup section */
		ACDFDD87216527FA0055296D /* Main.storyboard */ = {
			isa = PBXVariantGroup;
			children = (
				ACDFDD88216527FA0055296D /* Base */,
			);
			name = Main.storyboard;
			sourceTree = "<group>";
		};
		ACDFDD8C216527FB0055296D /* LaunchScreen.storyboard */ = {
			isa = PBXVariantGroup;
			children = (
				ACDFDD8D216527FB0055296D /* Base */,
			);
			name = LaunchScreen.storyboard;
			sourceTree = "<group>";
		};
/* End PBXVariantGroup section */

/* Begin XCBuildConfiguration section */
		ACDFDDA6216527FC0055296D /* Debug */ = {
			isa = XCBuildConfiguration;
			buildSettings = {
				ALWAYS_SEARCH_USER_PATHS = NO;
				CLANG_ANALYZER_NONNULL = YES;
				CLANG_ANALYZER_NUMBER_OBJECT_CONVERSION = YES_AGGRESSIVE;
				CLANG_CXX_LANGUAGE_STANDARD = "gnu++14";
				CLANG_CXX_LIBRARY = "libc++";
				CLANG_ENABLE_MODULES = YES;
				CLANG_ENABLE_OBJC_ARC = YES;
				CLANG_ENABLE_OBJC_WEAK = YES;
				CLANG_WARN_BLOCK_CAPTURE_AUTORELEASING = YES;
				CLANG_WARN_BOOL_CONVERSION = YES;
				CLANG_WARN_COMMA = YES;
				CLANG_WARN_CONSTANT_CONVERSION = YES;
				CLANG_WARN_DEPRECATED_OBJC_IMPLEMENTATIONS = YES;
				CLANG_WARN_DIRECT_OBJC_ISA_USAGE = YES_ERROR;
				CLANG_WARN_DOCUMENTATION_COMMENTS = YES;
				CLANG_WARN_EMPTY_BODY = YES;
				CLANG_WARN_ENUM_CONVERSION = YES;
				CLANG_WARN_INFINITE_RECURSION = YES;
				CLANG_WARN_INT_CONVERSION = YES;
				CLANG_WARN_NON_LITERAL_NULL_CONVERSION = YES;
				CLANG_WARN_OBJC_IMPLICIT_RETAIN_SELF = YES;
				CLANG_WARN_OBJC_LITERAL_CONVERSION = YES;
				CLANG_WARN_OBJC_ROOT_CLASS = YES_ERROR;
				CLANG_WARN_RANGE_LOOP_ANALYSIS = YES;
				CLANG_WARN_STRICT_PROTOTYPES = YES;
				CLANG_WARN_SUSPICIOUS_MOVE = YES;
				CLANG_WARN_UNGUARDED_AVAILABILITY = YES_AGGRESSIVE;
				CLANG_WARN_UNREACHABLE_CODE = YES;
				CLANG_WARN__DUPLICATE_METHOD_MATCH = YES;
				CODE_SIGN_IDENTITY = "iPhone Developer";
				COPY_PHASE_STRIP = NO;
				DEBUG_INFORMATION_FORMAT = dwarf;
				ENABLE_STRICT_OBJC_MSGSEND = YES;
				ENABLE_TESTABILITY = YES;
				GCC_C_LANGUAGE_STANDARD = gnu11;
				GCC_DYNAMIC_NO_PIC = NO;
				GCC_NO_COMMON_BLOCKS = YES;
				GCC_OPTIMIZATION_LEVEL = 0;
				GCC_PREPROCESSOR_DEFINITIONS = (
					"DEBUG=1",
					"$(inherited)",
				);
				GCC_WARN_64_TO_32_BIT_CONVERSION = YES;
				GCC_WARN_ABOUT_RETURN_TYPE = YES_ERROR;
				GCC_WARN_UNDECLARED_SELECTOR = YES;
				GCC_WARN_UNINITIALIZED_AUTOS = YES_AGGRESSIVE;
				GCC_WARN_UNUSED_FUNCTION = YES;
				GCC_WARN_UNUSED_VARIABLE = YES;
				IPHONEOS_DEPLOYMENT_TARGET = 11.4;
				MTL_ENABLE_DEBUG_INFO = YES;
				ONLY_ACTIVE_ARCH = YES;
				SDKROOT = iphoneos;
				SWIFT_ACTIVE_COMPILATION_CONDITIONS = DEBUG;
				SWIFT_OPTIMIZATION_LEVEL = "-Onone";
			};
			name = Debug;
		};
		ACDFDDA7216527FC0055296D /* Release */ = {
			isa = XCBuildConfiguration;
			buildSettings = {
				ALWAYS_SEARCH_USER_PATHS = NO;
				CLANG_ANALYZER_NONNULL = YES;
				CLANG_ANALYZER_NUMBER_OBJECT_CONVERSION = YES_AGGRESSIVE;
				CLANG_CXX_LANGUAGE_STANDARD = "gnu++14";
				CLANG_CXX_LIBRARY = "libc++";
				CLANG_ENABLE_MODULES = YES;
				CLANG_ENABLE_OBJC_ARC = YES;
				CLANG_ENABLE_OBJC_WEAK = YES;
				CLANG_WARN_BLOCK_CAPTURE_AUTORELEASING = YES;
				CLANG_WARN_BOOL_CONVERSION = YES;
				CLANG_WARN_COMMA = YES;
				CLANG_WARN_CONSTANT_CONVERSION = YES;
				CLANG_WARN_DEPRECATED_OBJC_IMPLEMENTATIONS = YES;
				CLANG_WARN_DIRECT_OBJC_ISA_USAGE = YES_ERROR;
				CLANG_WARN_DOCUMENTATION_COMMENTS = YES;
				CLANG_WARN_EMPTY_BODY = YES;
				CLANG_WARN_ENUM_CONVERSION = YES;
				CLANG_WARN_INFINITE_RECURSION = YES;
				CLANG_WARN_INT_CONVERSION = YES;
				CLANG_WARN_NON_LITERAL_NULL_CONVERSION = YES;
				CLANG_WARN_OBJC_IMPLICIT_RETAIN_SELF = YES;
				CLANG_WARN_OBJC_LITERAL_CONVERSION = YES;
				CLANG_WARN_OBJC_ROOT_CLASS = YES_ERROR;
				CLANG_WARN_RANGE_LOOP_ANALYSIS = YES;
				CLANG_WARN_STRICT_PROTOTYPES = YES;
				CLANG_WARN_SUSPICIOUS_MOVE = YES;
				CLANG_WARN_UNGUARDED_AVAILABILITY = YES_AGGRESSIVE;
				CLANG_WARN_UNREACHABLE_CODE = YES;
				CLANG_WARN__DUPLICATE_METHOD_MATCH = YES;
				CODE_SIGN_IDENTITY = "iPhone Developer";
				COPY_PHASE_STRIP = NO;
				DEBUG_INFORMATION_FORMAT = "dwarf-with-dsym";
				ENABLE_NS_ASSERTIONS = NO;
				ENABLE_STRICT_OBJC_MSGSEND = YES;
				GCC_C_LANGUAGE_STANDARD = gnu11;
				GCC_NO_COMMON_BLOCKS = YES;
				GCC_WARN_64_TO_32_BIT_CONVERSION = YES;
				GCC_WARN_ABOUT_RETURN_TYPE = YES_ERROR;
				GCC_WARN_UNDECLARED_SELECTOR = YES;
				GCC_WARN_UNINITIALIZED_AUTOS = YES_AGGRESSIVE;
				GCC_WARN_UNUSED_FUNCTION = YES;
				GCC_WARN_UNUSED_VARIABLE = YES;
				IPHONEOS_DEPLOYMENT_TARGET = 11.4;
				MTL_ENABLE_DEBUG_INFO = NO;
				SDKROOT = iphoneos;
				SWIFT_COMPILATION_MODE = wholemodule;
				SWIFT_OPTIMIZATION_LEVEL = "-O";
				VALIDATE_PRODUCT = YES;
			};
			name = Release;
		};
		ACDFDDA9216527FC0055296D /* Debug */ = {
			isa = XCBuildConfiguration;
			buildSettings = {
				ASSETCATALOG_COMPILER_APPICON_NAME = AppIcon;
				CODE_SIGN_STYLE = Automatic;
				INFOPLIST_FILE = TableView/Info.plist;
				LD_RUNPATH_SEARCH_PATHS = (
					"$(inherited)",
					"@executable_path/Frameworks",
				);
				PRODUCT_BUNDLE_IDENTIFIER = kubos.TableView;
				PRODUCT_NAME = "$(TARGET_NAME)";
				SWIFT_VERSION = 4.0;
				TARGETED_DEVICE_FAMILY = "1,2";
			};
			name = Debug;
		};
		ACDFDDAA216527FC0055296D /* Release */ = {
			isa = XCBuildConfiguration;
			buildSettings = {
				ASSETCATALOG_COMPILER_APPICON_NAME = AppIcon;
				CODE_SIGN_STYLE = Automatic;
				INFOPLIST_FILE = TableView/Info.plist;
				LD_RUNPATH_SEARCH_PATHS = (
					"$(inherited)",
					"@executable_path/Frameworks",
				);
				PRODUCT_BUNDLE_IDENTIFIER = kubos.TableView;
				PRODUCT_NAME = "$(TARGET_NAME)";
				SWIFT_VERSION = 4.0;
				TARGETED_DEVICE_FAMILY = "1,2";
			};
			name = Release;
		};
		ACDFDDAC216527FC0055296D /* Debug */ = {
			isa = XCBuildConfiguration;
			buildSettings = {
				ALWAYS_EMBED_SWIFT_STANDARD_LIBRARIES = YES;
				BUNDLE_LOADER = "$(TEST_HOST)";
				CODE_SIGN_STYLE = Automatic;
				INFOPLIST_FILE = TableViewTests/Info.plist;
				LD_RUNPATH_SEARCH_PATHS = (
					"$(inherited)",
					"@executable_path/Frameworks",
					"@loader_path/Frameworks",
				);
				PRODUCT_BUNDLE_IDENTIFIER = kubos.TableViewTests;
				PRODUCT_NAME = "$(TARGET_NAME)";
				SWIFT_VERSION = 4.0;
				TARGETED_DEVICE_FAMILY = "1,2";
				TEST_HOST = "$(BUILT_PRODUCTS_DIR)/TableView.app/TableView";
			};
			name = Debug;
		};
		ACDFDDAD216527FC0055296D /* Release */ = {
			isa = XCBuildConfiguration;
			buildSettings = {
				ALWAYS_EMBED_SWIFT_STANDARD_LIBRARIES = YES;
				BUNDLE_LOADER = "$(TEST_HOST)";
				CODE_SIGN_STYLE = Automatic;
				INFOPLIST_FILE = TableViewTests/Info.plist;
				LD_RUNPATH_SEARCH_PATHS = (
					"$(inherited)",
					"@executable_path/Frameworks",
					"@loader_path/Frameworks",
				);
				PRODUCT_BUNDLE_IDENTIFIER = kubos.TableViewTests;
				PRODUCT_NAME = "$(TARGET_NAME)";
				SWIFT_VERSION = 4.0;
				TARGETED_DEVICE_FAMILY = "1,2";
				TEST_HOST = "$(BUILT_PRODUCTS_DIR)/TableView.app/TableView";
			};
			name = Release;
		};
		ACDFDDAF216527FC0055296D /* Debug */ = {
			isa = XCBuildConfiguration;
			buildSettings = {
				ALWAYS_EMBED_SWIFT_STANDARD_LIBRARIES = YES;
				CODE_SIGN_STYLE = Automatic;
				INFOPLIST_FILE = TableViewUITests/Info.plist;
				LD_RUNPATH_SEARCH_PATHS = (
					"$(inherited)",
					"@executable_path/Frameworks",
					"@loader_path/Frameworks",
				);
				PRODUCT_BUNDLE_IDENTIFIER = kubos.TableViewUITests;
				PRODUCT_NAME = "$(TARGET_NAME)";
				SWIFT_VERSION = 4.0;
				TARGETED_DEVICE_FAMILY = "1,2";
				TEST_TARGET_NAME = TableView;
			};
			name = Debug;
		};
		ACDFDDB0216527FC0055296D /* Release */ = {
			isa = XCBuildConfiguration;
			buildSettings = {
				ALWAYS_EMBED_SWIFT_STANDARD_LIBRARIES = YES;
				CODE_SIGN_STYLE = Automatic;
				INFOPLIST_FILE = TableViewUITests/Info.plist;
				LD_RUNPATH_SEARCH_PATHS = (
					"$(inherited)",
					"@executable_path/Frameworks",
					"@loader_path/Frameworks",
				);
				PRODUCT_BUNDLE_IDENTIFIER = kubos.TableViewUITests;
				PRODUCT_NAME = "$(TARGET_NAME)";
				SWIFT_VERSION = 4.0;
				TARGETED_DEVICE_FAMILY = "1,2";
				TEST_TARGET_NAME = TableView;
			};
			name = Release;
		};
/* End XCBuildConfiguration section */

/* Begin XCConfigurationList section */
		ACDFDD7B216527FA0055296D /* Build configuration list for PBXProject "TableView" */ = {
			isa = XCConfigurationList;
			buildConfigurations = (
				ACDFDDA6216527FC0055296D /* Debug */,
				ACDFDDA7216527FC0055296D /* Release */,
			);
			defaultConfigurationIsVisible = 0;
			defaultConfigurationName = Release;
		};
		ACDFDDA8216527FC0055296D /* Build configuration list for PBXNativeTarget "TableView" */ = {
			isa = XCConfigurationList;
			buildConfigurations = (
				ACDFDDA9216527FC0055296D /* Debug */,
				ACDFDDAA216527FC0055296D /* Release */,
			);
			defaultConfigurationIsVisible = 0;
			defaultConfigurationName = Release;
		};
		ACDFDDAB216527FC0055296D /* Build configuration list for PBXNativeTarget "TableViewTests" */ = {
			isa = XCConfigurationList;
			buildConfigurations = (
				ACDFDDAC216527FC0055296D /* Debug */,
				ACDFDDAD216527FC0055296D /* Release */,
			);
			defaultConfigurationIsVisible = 0;
			defaultConfigurationName = Release;
		};
		ACDFDDAE216527FC0055296D /* Build configuration list for PBXNativeTarget "TableViewUITests" */ = {
			isa = XCConfigurationList;
			buildConfigurations = (
				ACDFDDAF216527FC0055296D /* Debug */,
				ACDFDDB0216527FC0055296D /* Release */,
			);
			defaultConfigurationIsVisible = 0;
			defaultConfigurationName = Release;
		};
/* End XCConfigurationList section */
	};
	rootObject = ACDFDD78216527FA0055296D /* Project object */;
}
