// !$*UTF8*$!
{
	archiveVersion = 1;
	classes = {
	};
	objectVersion = 50;
	objects = {

/* Begin PBXBuildFile section */
		AC874281215BFB6D00FE5DD3 /* AppDelegate.swift in Sources */ = {isa = PBXBuildFile; fileRef = AC874280215BFB6D00FE5DD3 /* AppDelegate.swift */; };
		AC874283215BFB6D00FE5DD3 /* ViewController.swift in Sources */ = {isa = PBXBuildFile; fileRef = AC874282215BFB6D00FE5DD3 /* ViewController.swift */; };
		AC874286215BFB6D00FE5DD3 /* Main.storyboard in Resources */ = {isa = PBXBuildFile; fileRef = AC874284215BFB6D00FE5DD3 /* Main.storyboard */; };
		AC874288215BFB6F00FE5DD3 /* Assets.xcassets in Resources */ = {isa = PBXBuildFile; fileRef = AC874287215BFB6F00FE5DD3 /* Assets.xcassets */; };
		AC87428B215BFB6F00FE5DD3 /* LaunchScreen.storyboard in Resources */ = {isa = PBXBuildFile; fileRef = AC874289215BFB6F00FE5DD3 /* LaunchScreen.storyboard */; };
		AC874293215BFFE500FE5DD3 /* OrangeViewController.swift in Sources */ = {isa = PBXBuildFile; fileRef = AC874292215BFFE500FE5DD3 /* OrangeViewController.swift */; };
/* End PBXBuildFile section */

/* Begin PBXFileReference section */
		AC87427D215BFB6D00FE5DD3 /* Controls.app */ = {isa = PBXFileReference; explicitFileType = wrapper.application; includeInIndex = 0; path = Controls.app; sourceTree = BUILT_PRODUCTS_DIR; };
		AC874280215BFB6D00FE5DD3 /* AppDelegate.swift */ = {isa = PBXFileReference; lastKnownFileType = sourcecode.swift; path = AppDelegate.swift; sourceTree = "<group>"; };
		AC874282215BFB6D00FE5DD3 /* ViewController.swift */ = {isa = PBXFileReference; lastKnownFileType = sourcecode.swift; path = ViewController.swift; sourceTree = "<group>"; };
		AC874285215BFB6D00FE5DD3 /* Base */ = {isa = PBXFileReference; lastKnownFileType = file.storyboard; name = Base; path = Base.lproj/Main.storyboard; sourceTree = "<group>"; };
		AC874287215BFB6F00FE5DD3 /* Assets.xcassets */ = {isa = PBXFileReference; lastKnownFileType = folder.assetcatalog; path = Assets.xcassets; sourceTree = "<group>"; };
		AC87428A215BFB6F00FE5DD3 /* Base */ = {isa = PBXFileReference; lastKnownFileType = file.storyboard; name = Base; path = Base.lproj/LaunchScreen.storyboard; sourceTree = "<group>"; };
		AC87428C215BFB6F00FE5DD3 /* Info.plist */ = {isa = PBXFileReference; lastKnownFileType = text.plist.xml; path = Info.plist; sourceTree = "<group>"; };
		AC874292215BFFE500FE5DD3 /* OrangeViewController.swift */ = {isa = PBXFileReference; lastKnownFileType = sourcecode.swift; path = OrangeViewController.swift; sourceTree = "<group>"; };
/* End PBXFileReference section */

/* Begin PBXFrameworksBuildPhase section */
		AC87427A215BFB6D00FE5DD3 /* Frameworks */ = {
			isa = PBXFrameworksBuildPhase;
			buildActionMask = 2147483647;
			files = (
			);
			runOnlyForDeploymentPostprocessing = 0;
		};
/* End PBXFrameworksBuildPhase section */

/* Begin PBXGroup section */
		AC874274215BFB6D00FE5DD3 = {
			isa = PBXGroup;
			children = (
				AC87427F215BFB6D00FE5DD3 /* Controls */,
				AC87427E215BFB6D00FE5DD3 /* Products */,
			);
			sourceTree = "<group>";
		};
		AC87427E215BFB6D00FE5DD3 /* Products */ = {
			isa = PBXGroup;
			children = (
				AC87427D215BFB6D00FE5DD3 /* Controls.app */,
			);
			name = Products;
			sourceTree = "<group>";
		};
		AC87427F215BFB6D00FE5DD3 /* Controls */ = {
			isa = PBXGroup;
			children = (
				AC874280215BFB6D00FE5DD3 /* AppDelegate.swift */,
				AC874282215BFB6D00FE5DD3 /* ViewController.swift */,
				AC874284215BFB6D00FE5DD3 /* Main.storyboard */,
				AC874287215BFB6F00FE5DD3 /* Assets.xcassets */,
				AC874289215BFB6F00FE5DD3 /* LaunchScreen.storyboard */,
				AC87428C215BFB6F00FE5DD3 /* Info.plist */,
				AC874292215BFFE500FE5DD3 /* OrangeViewController.swift */,
			);
			path = Controls;
			sourceTree = "<group>";
		};
/* End PBXGroup section */

/* Begin PBXNativeTarget section */
		AC87427C215BFB6D00FE5DD3 /* Controls */ = {
			isa = PBXNativeTarget;
			buildConfigurationList = AC87428F215BFB6F00FE5DD3 /* Build configuration list for PBXNativeTarget "Controls" */;
			buildPhases = (
				AC874279215BFB6D00FE5DD3 /* Sources */,
				AC87427A215BFB6D00FE5DD3 /* Frameworks */,
				AC87427B215BFB6D00FE5DD3 /* Resources */,
			);
			buildRules = (
			);
			dependencies = (
			);
			name = Controls;
			productName = Controls;
			productReference = AC87427D215BFB6D00FE5DD3 /* Controls.app */;
			productType = "com.apple.product-type.application";
		};
/* End PBXNativeTarget section */

/* Begin PBXProject section */
		AC874275215BFB6D00FE5DD3 /* Project object */ = {
			isa = PBXProject;
			attributes = {
				LastSwiftUpdateCheck = 0940;
				LastUpgradeCheck = 0940;
				ORGANIZATIONNAME = kubos777;
				TargetAttributes = {
					AC87427C215BFB6D00FE5DD3 = {
						CreatedOnToolsVersion = 9.4.1;
					};
				};
			};
			buildConfigurationList = AC874278215BFB6D00FE5DD3 /* Build configuration list for PBXProject "Controls" */;
			compatibilityVersion = "Xcode 9.3";
			developmentRegion = en;
			hasScannedForEncodings = 0;
			knownRegions = (
				en,
				Base,
			);
			mainGroup = AC874274215BFB6D00FE5DD3;
			productRefGroup = AC87427E215BFB6D00FE5DD3 /* Products */;
			projectDirPath = "";
			projectRoot = "";
			targets = (
				AC87427C215BFB6D00FE5DD3 /* Controls */,
			);
		};
/* End PBXProject section */

/* Begin PBXResourcesBuildPhase section */
		AC87427B215BFB6D00FE5DD3 /* Resources */ = {
			isa = PBXResourcesBuildPhase;
			buildActionMask = 2147483647;
			files = (
				AC87428B215BFB6F00FE5DD3 /* LaunchScreen.storyboard in Resources */,
				AC874288215BFB6F00FE5DD3 /* Assets.xcassets in Resources */,
				AC874286215BFB6D00FE5DD3 /* Main.storyboard in Resources */,
			);
			runOnlyForDeploymentPostprocessing = 0;
		};
/* End PBXResourcesBuildPhase section */

/* Begin PBXSourcesBuildPhase section */
		AC874279215BFB6D00FE5DD3 /* Sources */ = {
			isa = PBXSourcesBuildPhase;
			buildActionMask = 2147483647;
			files = (
				AC874283215BFB6D00FE5DD3 /* ViewController.swift in Sources */,
				AC874281215BFB6D00FE5DD3 /* AppDelegate.swift in Sources */,
				AC874293215BFFE500FE5DD3 /* OrangeViewController.swift in Sources */,
			);
			runOnlyForDeploymentPostprocessing = 0;
		};
/* End PBXSourcesBuildPhase section */

/* Begin PBXVariantGroup section */
		AC874284215BFB6D00FE5DD3 /* Main.storyboard */ = {
			isa = PBXVariantGroup;
			children = (
				AC874285215BFB6D00FE5DD3 /* Base */,
			);
			name = Main.storyboard;
			sourceTree = "<group>";
		};
		AC874289215BFB6F00FE5DD3 /* LaunchScreen.storyboard */ = {
			isa = PBXVariantGroup;
			children = (
				AC87428A215BFB6F00FE5DD3 /* Base */,
			);
			name = LaunchScreen.storyboard;
			sourceTree = "<group>";
		};
/* End PBXVariantGroup section */

/* Begin XCBuildConfiguration section */
		AC87428D215BFB6F00FE5DD3 /* Debug */ = {
			isa = XCBuildConfiguration;
			buildSettings = {
				ALWAYS_SEARCH_USER_PATHS = NO;
				CLANG_ANALYZER_NONNULL = YES;
				CLANG_ANALYZER_NUMBER_OBJECT_CONVERSION = YES_AGGRESSIVE;
				CLANG_CXX_LANGUAGE_STANDARD = "gnu++14";
				CLANG_CXX_LIBRARY = "libc++";
				CLANG_ENABLE_MODULES = YES;
				CLANG_ENABLE_OBJC_ARC = YES;
				CLANG_ENABLE_OBJC_WEAK = YES;
				CLANG_WARN_BLOCK_CAPTURE_AUTORELEASING = YES;
				CLANG_WARN_BOOL_CONVERSION = YES;
				CLANG_WARN_COMMA = YES;
				CLANG_WARN_CONSTANT_CONVERSION = YES;
				CLANG_WARN_DEPRECATED_OBJC_IMPLEMENTATIONS = YES;
				CLANG_WARN_DIRECT_OBJC_ISA_USAGE = YES_ERROR;
				CLANG_WARN_DOCUMENTATION_COMMENTS = YES;
				CLANG_WARN_EMPTY_BODY = YES;
				CLANG_WARN_ENUM_CONVERSION = YES;
				CLANG_WARN_INFINITE_RECURSION = YES;
				CLANG_WARN_INT_CONVERSION = YES;
				CLANG_WARN_NON_LITERAL_NULL_CONVERSION = YES;
				CLANG_WARN_OBJC_IMPLICIT_RETAIN_SELF = YES;
				CLANG_WARN_OBJC_LITERAL_CONVERSION = YES;
				CLANG_WARN_OBJC_ROOT_CLASS = YES_ERROR;
				CLANG_WARN_RANGE_LOOP_ANALYSIS = YES;
				CLANG_WARN_STRICT_PROTOTYPES = YES;
				CLANG_WARN_SUSPICIOUS_MOVE = YES;
				CLANG_WARN_UNGUARDED_AVAILABILITY = YES_AGGRESSIVE;
				CLANG_WARN_UNREACHABLE_CODE = YES;
				CLANG_WARN__DUPLICATE_METHOD_MATCH = YES;
				CODE_SIGN_IDENTITY = "iPhone Developer";
				COPY_PHASE_STRIP = NO;
				DEBUG_INFORMATION_FORMAT = dwarf;
				ENABLE_STRICT_OBJC_MSGSEND = YES;
				ENABLE_TESTABILITY = YES;
				GCC_C_LANGUAGE_STANDARD = gnu11;
				GCC_DYNAMIC_NO_PIC = NO;
				GCC_NO_COMMON_BLOCKS = YES;
				GCC_OPTIMIZATION_LEVEL = 0;
				GCC_PREPROCESSOR_DEFINITIONS = (
					"DEBUG=1",
					"$(inherited)",
				);
				GCC_WARN_64_TO_32_BIT_CONVERSION = YES;
				GCC_WARN_ABOUT_RETURN_TYPE = YES_ERROR;
				GCC_WARN_UNDECLARED_SELECTOR = YES;
				GCC_WARN_UNINITIALIZED_AUTOS = YES_AGGRESSIVE;
				GCC_WARN_UNUSED_FUNCTION = YES;
				GCC_WARN_UNUSED_VARIABLE = YES;
				IPHONEOS_DEPLOYMENT_TARGET = 11.4;
				MTL_ENABLE_DEBUG_INFO = YES;
				ONLY_ACTIVE_ARCH = YES;
				SDKROOT = iphoneos;
				SWIFT_ACTIVE_COMPILATION_CONDITIONS = DEBUG;
				SWIFT_OPTIMIZATION_LEVEL = "-Onone";
			};
			name = Debug;
		};
		AC87428E215BFB6F00FE5DD3 /* Release */ = {
			isa = XCBuildConfiguration;
			buildSettings = {
				ALWAYS_SEARCH_USER_PATHS = NO;
				CLANG_ANALYZER_NONNULL = YES;
				CLANG_ANALYZER_NUMBER_OBJECT_CONVERSION = YES_AGGRESSIVE;
				CLANG_CXX_LANGUAGE_STANDARD = "gnu++14";
				CLANG_CXX_LIBRARY = "libc++";
				CLANG_ENABLE_MODULES = YES;
				CLANG_ENABLE_OBJC_ARC = YES;
				CLANG_ENABLE_OBJC_WEAK = YES;
				CLANG_WARN_BLOCK_CAPTURE_AUTORELEASING = YES;
				CLANG_WARN_BOOL_CONVERSION = YES;
				CLANG_WARN_COMMA = YES;
				CLANG_WARN_CONSTANT_CONVERSION = YES;
				CLANG_WARN_DEPRECATED_OBJC_IMPLEMENTATIONS = YES;
				CLANG_WARN_DIRECT_OBJC_ISA_USAGE = YES_ERROR;
				CLANG_WARN_DOCUMENTATION_COMMENTS = YES;
				CLANG_WARN_EMPTY_BODY = YES;
				CLANG_WARN_ENUM_CONVERSION = YES;
				CLANG_WARN_INFINITE_RECURSION = YES;
				CLANG_WARN_INT_CONVERSION = YES;
				CLANG_WARN_NON_LITERAL_NULL_CONVERSION = YES;
				CLANG_WARN_OBJC_IMPLICIT_RETAIN_SELF = YES;
				CLANG_WARN_OBJC_LITERAL_CONVERSION = YES;
				CLANG_WARN_OBJC_ROOT_CLASS = YES_ERROR;
				CLANG_WARN_RANGE_LOOP_ANALYSIS = YES;
				CLANG_WARN_STRICT_PROTOTYPES = YES;
				CLANG_WARN_SUSPICIOUS_MOVE = YES;
				CLANG_WARN_UNGUARDED_AVAILABILITY = YES_AGGRESSIVE;
				CLANG_WARN_UNREACHABLE_CODE = YES;
				CLANG_WARN__DUPLICATE_METHOD_MATCH = YES;
				CODE_SIGN_IDENTITY = "iPhone Developer";
				COPY_PHASE_STRIP = NO;
				DEBUG_INFORMATION_FORMAT = "dwarf-with-dsym";
				ENABLE_NS_ASSERTIONS = NO;
				ENABLE_STRICT_OBJC_MSGSEND = YES;
				GCC_C_LANGUAGE_STANDARD = gnu11;
				GCC_NO_COMMON_BLOCKS = YES;
				GCC_WARN_64_TO_32_BIT_CONVERSION = YES;
				GCC_WARN_ABOUT_RETURN_TYPE = YES_ERROR;
				GCC_WARN_UNDECLARED_SELECTOR = YES;
				GCC_WARN_UNINITIALIZED_AUTOS = YES_AGGRESSIVE;
				GCC_WARN_UNUSED_FUNCTION = YES;
				GCC_WARN_UNUSED_VARIABLE = YES;
				IPHONEOS_DEPLOYMENT_TARGET = 11.4;
				MTL_ENABLE_DEBUG_INFO = NO;
				SDKROOT = iphoneos;
				SWIFT_COMPILATION_MODE = wholemodule;
				SWIFT_OPTIMIZATION_LEVEL = "-O";
				VALIDATE_PRODUCT = YES;
			};
			name = Release;
		};
		AC874290215BFB6F00FE5DD3 /* Debug */ = {
			isa = XCBuildConfiguration;
			buildSettings = {
				ASSETCATALOG_COMPILER_APPICON_NAME = AppIcon;
				CODE_SIGN_STYLE = Automatic;
				INFOPLIST_FILE = Controls/Info.plist;
				LD_RUNPATH_SEARCH_PATHS = (
					"$(inherited)",
					"@executable_path/Frameworks",
				);
				PRODUCT_BUNDLE_IDENTIFIER = kubos.Controls;
				PRODUCT_NAME = "$(TARGET_NAME)";
				SWIFT_VERSION = 4.0;
				TARGETED_DEVICE_FAMILY = "1,2";
			};
			name = Debug;
		};
		AC874291215BFB6F00FE5DD3 /* Release */ = {
			isa = XCBuildConfiguration;
			buildSettings = {
				ASSETCATALOG_COMPILER_APPICON_NAME = AppIcon;
				CODE_SIGN_STYLE = Automatic;
				INFOPLIST_FILE = Controls/Info.plist;
				LD_RUNPATH_SEARCH_PATHS = (
					"$(inherited)",
					"@executable_path/Frameworks",
				);
				PRODUCT_BUNDLE_IDENTIFIER = kubos.Controls;
				PRODUCT_NAME = "$(TARGET_NAME)";
				SWIFT_VERSION = 4.0;
				TARGETED_DEVICE_FAMILY = "1,2";
			};
			name = Release;
		};
/* End XCBuildConfiguration section */

/* Begin XCConfigurationList section */
		AC874278215BFB6D00FE5DD3 /* Build configuration list for PBXProject "Controls" */ = {
			isa = XCConfigurationList;
			buildConfigurations = (
				AC87428D215BFB6F00FE5DD3 /* Debug */,
				AC87428E215BFB6F00FE5DD3 /* Release */,
			);
			defaultConfigurationIsVisible = 0;
			defaultConfigurationName = Release;
		};
		AC87428F215BFB6F00FE5DD3 /* Build configuration list for PBXNativeTarget "Controls" */ = {
			isa = XCConfigurationList;
			buildConfigurations = (
				AC874290215BFB6F00FE5DD3 /* Debug */,
				AC874291215BFB6F00FE5DD3 /* Release */,
			);
			defaultConfigurationIsVisible = 0;
			defaultConfigurationName = Release;
		};
/* End XCConfigurationList section */
	};
	rootObject = AC874275215BFB6D00FE5DD3 /* Project object */;
}
