// !$*UTF8*$!
{
	archiveVersion = 1;
	classes = {
	};
	objectVersion = 50;
	objects = {

/* Begin PBXBuildFile section */
		AC70CEE32180E1CF00942DD6 /* imageDownloaderDelegate.swift in Sources */ = {isa = PBXBuildFile; fileRef = AC70CEE22180E1CF00942DD6 /* imageDownloaderDelegate.swift */; };
		ACF49F62217E419700AF7FCC /* AppDelegate.swift in Sources */ = {isa = PBXBuildFile; fileRef = ACF49F61217E419700AF7FCC /* AppDelegate.swift */; };
		ACF49F64217E419700AF7FCC /* ViewController.swift in Sources */ = {isa = PBXBuildFile; fileRef = ACF49F63217E419700AF7FCC /* ViewController.swift */; };
		ACF49F67217E419700AF7FCC /* Main.storyboard in Resources */ = {isa = PBXBuildFile; fileRef = ACF49F65217E419700AF7FCC /* Main.storyboard */; };
		ACF49F69217E419900AF7FCC /* Assets.xcassets in Resources */ = {isa = PBXBuildFile; fileRef = ACF49F68217E419900AF7FCC /* Assets.xcassets */; };
		ACF49F6C217E419900AF7FCC /* LaunchScreen.storyboard in Resources */ = {isa = PBXBuildFile; fileRef = ACF49F6A217E419900AF7FCC /* LaunchScreen.storyboard */; };
		ACF49F74217E445700AF7FCC /* imageDownloader.swift in Sources */ = {isa = PBXBuildFile; fileRef = ACF49F73217E445700AF7FCC /* imageDownloader.swift */; };
/* End PBXBuildFile section */

/* Begin PBXFileReference section */
		AC70CEE22180E1CF00942DD6 /* imageDownloaderDelegate.swift */ = {isa = PBXFileReference; lastKnownFileType = sourcecode.swift; path = imageDownloaderDelegate.swift; sourceTree = "<group>"; };
		ACF49F5E217E419700AF7FCC /* delegateImage.app */ = {isa = PBXFileReference; explicitFileType = wrapper.application; includeInIndex = 0; path = delegateImage.app; sourceTree = BUILT_PRODUCTS_DIR; };
		ACF49F61217E419700AF7FCC /* AppDelegate.swift */ = {isa = PBXFileReference; lastKnownFileType = sourcecode.swift; path = AppDelegate.swift; sourceTree = "<group>"; };
		ACF49F63217E419700AF7FCC /* ViewController.swift */ = {isa = PBXFileReference; lastKnownFileType = sourcecode.swift; path = ViewController.swift; sourceTree = "<group>"; };
		ACF49F66217E419700AF7FCC /* Base */ = {isa = PBXFileReference; lastKnownFileType = file.storyboard; name = Base; path = Base.lproj/Main.storyboard; sourceTree = "<group>"; };
		ACF49F68217E419900AF7FCC /* Assets.xcassets */ = {isa = PBXFileReference; lastKnownFileType = folder.assetcatalog; path = Assets.xcassets; sourceTree = "<group>"; };
		ACF49F6B217E419900AF7FCC /* Base */ = {isa = PBXFileReference; lastKnownFileType = file.storyboard; name = Base; path = Base.lproj/LaunchScreen.storyboard; sourceTree = "<group>"; };
		ACF49F6D217E419900AF7FCC /* Info.plist */ = {isa = PBXFileReference; lastKnownFileType = text.plist.xml; path = Info.plist; sourceTree = "<group>"; };
		ACF49F73217E445700AF7FCC /* imageDownloader.swift */ = {isa = PBXFileReference; lastKnownFileType = sourcecode.swift; path = imageDownloader.swift; sourceTree = "<group>"; };
/* End PBXFileReference section */

/* Begin PBXFrameworksBuildPhase section */
		ACF49F5B217E419700AF7FCC /* Frameworks */ = {
			isa = PBXFrameworksBuildPhase;
			buildActionMask = 2147483647;
			files = (
			);
			runOnlyForDeploymentPostprocessing = 0;
		};
/* End PBXFrameworksBuildPhase section */

/* Begin PBXGroup section */
		ACF49F55217E419700AF7FCC = {
			isa = PBXGroup;
			children = (
				ACF49F60217E419700AF7FCC /* delegateImage */,
				ACF49F5F217E419700AF7FCC /* Products */,
			);
			sourceTree = "<group>";
		};
		ACF49F5F217E419700AF7FCC /* Products */ = {
			isa = PBXGroup;
			children = (
				ACF49F5E217E419700AF7FCC /* delegateImage.app */,
			);
			name = Products;
			sourceTree = "<group>";
		};
		ACF49F60217E419700AF7FCC /* delegateImage */ = {
			isa = PBXGroup;
			children = (
				ACF49F61217E419700AF7FCC /* AppDelegate.swift */,
				ACF49F63217E419700AF7FCC /* ViewController.swift */,
				ACF49F65217E419700AF7FCC /* Main.storyboard */,
				ACF49F73217E445700AF7FCC /* imageDownloader.swift */,
				AC70CEE22180E1CF00942DD6 /* imageDownloaderDelegate.swift */,
				ACF49F68217E419900AF7FCC /* Assets.xcassets */,
				ACF49F6A217E419900AF7FCC /* LaunchScreen.storyboard */,
				ACF49F6D217E419900AF7FCC /* Info.plist */,
			);
			path = delegateImage;
			sourceTree = "<group>";
		};
/* End PBXGroup section */

/* Begin PBXNativeTarget section */
		ACF49F5D217E419700AF7FCC /* delegateImage */ = {
			isa = PBXNativeTarget;
			buildConfigurationList = ACF49F70217E419900AF7FCC /* Build configuration list for PBXNativeTarget "delegateImage" */;
			buildPhases = (
				ACF49F5A217E419700AF7FCC /* Sources */,
				ACF49F5B217E419700AF7FCC /* Frameworks */,
				ACF49F5C217E419700AF7FCC /* Resources */,
			);
			buildRules = (
			);
			dependencies = (
			);
			name = delegateImage;
			productName = delegateImage;
			productReference = ACF49F5E217E419700AF7FCC /* delegateImage.app */;
			productType = "com.apple.product-type.application";
		};
/* End PBXNativeTarget section */

/* Begin PBXProject section */
		ACF49F56217E419700AF7FCC /* Project object */ = {
			isa = PBXProject;
			attributes = {
				LastSwiftUpdateCheck = 0940;
				LastUpgradeCheck = 0940;
				ORGANIZATIONNAME = kubos;
				TargetAttributes = {
					ACF49F5D217E419700AF7FCC = {
						CreatedOnToolsVersion = 9.4.1;
					};
				};
			};
			buildConfigurationList = ACF49F59217E419700AF7FCC /* Build configuration list for PBXProject "delegateImage" */;
			compatibilityVersion = "Xcode 9.3";
			developmentRegion = en;
			hasScannedForEncodings = 0;
			knownRegions = (
				en,
				Base,
			);
			mainGroup = ACF49F55217E419700AF7FCC;
			productRefGroup = ACF49F5F217E419700AF7FCC /* Products */;
			projectDirPath = "";
			projectRoot = "";
			targets = (
				ACF49F5D217E419700AF7FCC /* delegateImage */,
			);
		};
/* End PBXProject section */

/* Begin PBXResourcesBuildPhase section */
		ACF49F5C217E419700AF7FCC /* Resources */ = {
			isa = PBXResourcesBuildPhase;
			buildActionMask = 2147483647;
			files = (
				ACF49F6C217E419900AF7FCC /* LaunchScreen.storyboard in Resources */,
				ACF49F69217E419900AF7FCC /* Assets.xcassets in Resources */,
				ACF49F67217E419700AF7FCC /* Main.storyboard in Resources */,
			);
			runOnlyForDeploymentPostprocessing = 0;
		};
/* End PBXResourcesBuildPhase section */

/* Begin PBXSourcesBuildPhase section */
		ACF49F5A217E419700AF7FCC /* Sources */ = {
			isa = PBXSourcesBuildPhase;
			buildActionMask = 2147483647;
			files = (
				ACF49F74217E445700AF7FCC /* imageDownloader.swift in Sources */,
				AC70CEE32180E1CF00942DD6 /* imageDownloaderDelegate.swift in Sources */,
				ACF49F64217E419700AF7FCC /* ViewController.swift in Sources */,
				ACF49F62217E419700AF7FCC /* AppDelegate.swift in Sources */,
			);
			runOnlyForDeploymentPostprocessing = 0;
		};
/* End PBXSourcesBuildPhase section */

/* Begin PBXVariantGroup section */
		ACF49F65217E419700AF7FCC /* Main.storyboard */ = {
			isa = PBXVariantGroup;
			children = (
				ACF49F66217E419700AF7FCC /* Base */,
			);
			name = Main.storyboard;
			sourceTree = "<group>";
		};
		ACF49F6A217E419900AF7FCC /* LaunchScreen.storyboard */ = {
			isa = PBXVariantGroup;
			children = (
				ACF49F6B217E419900AF7FCC /* Base */,
			);
			name = LaunchScreen.storyboard;
			sourceTree = "<group>";
		};
/* End PBXVariantGroup section */

/* Begin XCBuildConfiguration section */
		ACF49F6E217E419900AF7FCC /* Debug */ = {
			isa = XCBuildConfiguration;
			buildSettings = {
				ALWAYS_SEARCH_USER_PATHS = NO;
				CLANG_ANALYZER_NONNULL = YES;
				CLANG_ANALYZER_NUMBER_OBJECT_CONVERSION = YES_AGGRESSIVE;
				CLANG_CXX_LANGUAGE_STANDARD = "gnu++14";
				CLANG_CXX_LIBRARY = "libc++";
				CLANG_ENABLE_MODULES = YES;
				CLANG_ENABLE_OBJC_ARC = YES;
				CLANG_ENABLE_OBJC_WEAK = YES;
				CLANG_WARN_BLOCK_CAPTURE_AUTORELEASING = YES;
				CLANG_WARN_BOOL_CONVERSION = YES;
				CLANG_WARN_COMMA = YES;
				CLANG_WARN_CONSTANT_CONVERSION = YES;
				CLANG_WARN_DEPRECATED_OBJC_IMPLEMENTATIONS = YES;
				CLANG_WARN_DIRECT_OBJC_ISA_USAGE = YES_ERROR;
				CLANG_WARN_DOCUMENTATION_COMMENTS = YES;
				CLANG_WARN_EMPTY_BODY = YES;
				CLANG_WARN_ENUM_CONVERSION = YES;
				CLANG_WARN_INFINITE_RECURSION = YES;
				CLANG_WARN_INT_CONVERSION = YES;
				CLANG_WARN_NON_LITERAL_NULL_CONVERSION = YES;
				CLANG_WARN_OBJC_IMPLICIT_RETAIN_SELF = YES;
				CLANG_WARN_OBJC_LITERAL_CONVERSION = YES;
				CLANG_WARN_OBJC_ROOT_CLASS = YES_ERROR;
				CLANG_WARN_RANGE_LOOP_ANALYSIS = YES;
				CLANG_WARN_STRICT_PROTOTYPES = YES;
				CLANG_WARN_SUSPICIOUS_MOVE = YES;
				CLANG_WARN_UNGUARDED_AVAILABILITY = YES_AGGRESSIVE;
				CLANG_WARN_UNREACHABLE_CODE = YES;
				CLANG_WARN__DUPLICATE_METHOD_MATCH = YES;
				CODE_SIGN_IDENTITY = "iPhone Developer";
				COPY_PHASE_STRIP = NO;
				DEBUG_INFORMATION_FORMAT = dwarf;
				ENABLE_STRICT_OBJC_MSGSEND = YES;
				ENABLE_TESTABILITY = YES;
				GCC_C_LANGUAGE_STANDARD = gnu11;
				GCC_DYNAMIC_NO_PIC = NO;
				GCC_NO_COMMON_BLOCKS = YES;
				GCC_OPTIMIZATION_LEVEL = 0;
				GCC_PREPROCESSOR_DEFINITIONS = (
					"DEBUG=1",
					"$(inherited)",
				);
				GCC_WARN_64_TO_32_BIT_CONVERSION = YES;
				GCC_WARN_ABOUT_RETURN_TYPE = YES_ERROR;
				GCC_WARN_UNDECLARED_SELECTOR = YES;
				GCC_WARN_UNINITIALIZED_AUTOS = YES_AGGRESSIVE;
				GCC_WARN_UNUSED_FUNCTION = YES;
				GCC_WARN_UNUSED_VARIABLE = YES;
				IPHONEOS_DEPLOYMENT_TARGET = 11.4;
				MTL_ENABLE_DEBUG_INFO = YES;
				ONLY_ACTIVE_ARCH = YES;
				SDKROOT = iphoneos;
				SWIFT_ACTIVE_COMPILATION_CONDITIONS = DEBUG;
				SWIFT_OPTIMIZATION_LEVEL = "-Onone";
			};
			name = Debug;
		};
		ACF49F6F217E419900AF7FCC /* Release */ = {
			isa = XCBuildConfiguration;
			buildSettings = {
				ALWAYS_SEARCH_USER_PATHS = NO;
				CLANG_ANALYZER_NONNULL = YES;
				CLANG_ANALYZER_NUMBER_OBJECT_CONVERSION = YES_AGGRESSIVE;
				CLANG_CXX_LANGUAGE_STANDARD = "gnu++14";
				CLANG_CXX_LIBRARY = "libc++";
				CLANG_ENABLE_MODULES = YES;
				CLANG_ENABLE_OBJC_ARC = YES;
				CLANG_ENABLE_OBJC_WEAK = YES;
				CLANG_WARN_BLOCK_CAPTURE_AUTORELEASING = YES;
				CLANG_WARN_BOOL_CONVERSION = YES;
				CLANG_WARN_COMMA = YES;
				CLANG_WARN_CONSTANT_CONVERSION = YES;
				CLANG_WARN_DEPRECATED_OBJC_IMPLEMENTATIONS = YES;
				CLANG_WARN_DIRECT_OBJC_ISA_USAGE = YES_ERROR;
				CLANG_WARN_DOCUMENTATION_COMMENTS = YES;
				CLANG_WARN_EMPTY_BODY = YES;
				CLANG_WARN_ENUM_CONVERSION = YES;
				CLANG_WARN_INFINITE_RECURSION = YES;
				CLANG_WARN_INT_CONVERSION = YES;
				CLANG_WARN_NON_LITERAL_NULL_CONVERSION = YES;
				CLANG_WARN_OBJC_IMPLICIT_RETAIN_SELF = YES;
				CLANG_WARN_OBJC_LITERAL_CONVERSION = YES;
				CLANG_WARN_OBJC_ROOT_CLASS = YES_ERROR;
				CLANG_WARN_RANGE_LOOP_ANALYSIS = YES;
				CLANG_WARN_STRICT_PROTOTYPES = YES;
				CLANG_WARN_SUSPICIOUS_MOVE = YES;
				CLANG_WARN_UNGUARDED_AVAILABILITY = YES_AGGRESSIVE;
				CLANG_WARN_UNREACHABLE_CODE = YES;
				CLANG_WARN__DUPLICATE_METHOD_MATCH = YES;
				CODE_SIGN_IDENTITY = "iPhone Developer";
				COPY_PHASE_STRIP = NO;
				DEBUG_INFORMATION_FORMAT = "dwarf-with-dsym";
				ENABLE_NS_ASSERTIONS = NO;
				ENABLE_STRICT_OBJC_MSGSEND = YES;
				GCC_C_LANGUAGE_STANDARD = gnu11;
				GCC_NO_COMMON_BLOCKS = YES;
				GCC_WARN_64_TO_32_BIT_CONVERSION = YES;
				GCC_WARN_ABOUT_RETURN_TYPE = YES_ERROR;
				GCC_WARN_UNDECLARED_SELECTOR = YES;
				GCC_WARN_UNINITIALIZED_AUTOS = YES_AGGRESSIVE;
				GCC_WARN_UNUSED_FUNCTION = YES;
				GCC_WARN_UNUSED_VARIABLE = YES;
				IPHONEOS_DEPLOYMENT_TARGET = 11.4;
				MTL_ENABLE_DEBUG_INFO = NO;
				SDKROOT = iphoneos;
				SWIFT_COMPILATION_MODE = wholemodule;
				SWIFT_OPTIMIZATION_LEVEL = "-O";
				VALIDATE_PRODUCT = YES;
			};
			name = Release;
		};
		ACF49F71217E419900AF7FCC /* Debug */ = {
			isa = XCBuildConfiguration;
			buildSettings = {
				ASSETCATALOG_COMPILER_APPICON_NAME = AppIcon;
				CODE_SIGN_STYLE = Automatic;
				INFOPLIST_FILE = delegateImage/Info.plist;
				LD_RUNPATH_SEARCH_PATHS = (
					"$(inherited)",
					"@executable_path/Frameworks",
				);
				PRODUCT_BUNDLE_IDENTIFIER = kubos777.delegateImage;
				PRODUCT_NAME = "$(TARGET_NAME)";
				SWIFT_VERSION = 4.0;
				TARGETED_DEVICE_FAMILY = "1,2";
			};
			name = Debug;
		};
		ACF49F72217E419900AF7FCC /* Release */ = {
			isa = XCBuildConfiguration;
			buildSettings = {
				ASSETCATALOG_COMPILER_APPICON_NAME = AppIcon;
				CODE_SIGN_STYLE = Automatic;
				INFOPLIST_FILE = delegateImage/Info.plist;
				LD_RUNPATH_SEARCH_PATHS = (
					"$(inherited)",
					"@executable_path/Frameworks",
				);
				PRODUCT_BUNDLE_IDENTIFIER = kubos777.delegateImage;
				PRODUCT_NAME = "$(TARGET_NAME)";
				SWIFT_VERSION = 4.0;
				TARGETED_DEVICE_FAMILY = "1,2";
			};
			name = Release;
		};
/* End XCBuildConfiguration section */

/* Begin XCConfigurationList section */
		ACF49F59217E419700AF7FCC /* Build configuration list for PBXProject "delegateImage" */ = {
			isa = XCConfigurationList;
			buildConfigurations = (
				ACF49F6E217E419900AF7FCC /* Debug */,
				ACF49F6F217E419900AF7FCC /* Release */,
			);
			defaultConfigurationIsVisible = 0;
			defaultConfigurationName = Release;
		};
		ACF49F70217E419900AF7FCC /* Build configuration list for PBXNativeTarget "delegateImage" */ = {
			isa = XCConfigurationList;
			buildConfigurations = (
				ACF49F71217E419900AF7FCC /* Debug */,
				ACF49F72217E419900AF7FCC /* Release */,
			);
			defaultConfigurationIsVisible = 0;
			defaultConfigurationName = Release;
		};
/* End XCConfigurationList section */
	};
	rootObject = ACF49F56217E419700AF7FCC /* Project object */;
}
